
Microsoft Visual Studio Solution File, Format Version 12.00
# Visual Studio Version 16
VisualStudioVersion = 16.0.30225.117
MinimumVisualStudioVersion = 10.0.40219.1
Project("{FAE04EC0-301F-11D3-BF4B-00C04F79EFBC}") = "Promotion Engine", "Promotion Engine\Promotion Engine.csproj", "{F4C9AB29-D9C8-42FC-A1B5-995A1989101F}"
EndProject
Global
	GlobalSection(SolutionConfigurationPlatforms) = preSolution
		Debug|Any CPU = Debug|Any CPU
		Release|Any CPU = Release|Any CPU
	EndGlobalSection
	GlobalSection(ProjectConfigurationPlatforms) = postSolution
		{F4C9AB29-D9C8-42FC-A1B5-995A1989101F}.Debug|Any CPU.ActiveCfg = Debug|Any CPU
		{F4C9AB29-D9C8-42FC-A1B5-995A1989101F}.Debug|Any CPU.Build.0 = Debug|Any CPU
		{F4C9AB29-D9C8-42FC-A1B5-995A1989101F}.Release|Any CPU.ActiveCfg = Release|Any CPU
		{F4C9AB29-D9C8-42FC-A1B5-995A1989101F}.Release|Any CPU.Build.0 = Release|Any CPU
	EndGlobalSection
	GlobalSection(SolutionProperties) = preSolution
		HideSolutionNode = FALSE
	EndGlobalSection
	GlobalSection(ExtensibilityGlobals) = postSolution
		SolutionGuid = {8F86EF94-D6B4-48F3-918B-629F86D785D9}
	EndGlobalSection
EndGlobal
